
Microsoft Visual Studio Solution File, Format Version 12.00
# Visual Studio 2013
VisualStudioVersion = 12.0.21005.1
MinimumVisualStudioVersion = 10.0.40219.1
Project("{FAE04EC0-301F-11D3-BF4B-00C04F79EFBC}") = "nearbyATM", "nearbyATM\nearbyATM.csproj", "{472F5BCE-1E97-4DB1-B09D-8D1DFCDD5951}"
EndProject
Global
	GlobalSection(SolutionConfigurationPlatforms) = preSolution
		Debug|Any CPU = Debug|Any CPU
		Release|Any CPU = Release|Any CPU
	EndGlobalSection
	GlobalSection(ProjectConfigurationPlatforms) = postSolution
		{472F5BCE-1E97-4DB1-B09D-8D1DFCDD5951}.Debug|Any CPU.ActiveCfg = Debug|Any CPU
		{472F5BCE-1E97-4DB1-B09D-8D1DFCDD5951}.Debug|Any CPU.Build.0 = Debug|Any CPU
		{472F5BCE-1E97-4DB1-B09D-8D1DFCDD5951}.Release|Any CPU.ActiveCfg = Release|Any CPU
		{472F5BCE-1E97-4DB1-B09D-8D1DFCDD5951}.Release|Any CPU.Build.0 = Release|Any CPU
	EndGlobalSection
	GlobalSection(SolutionProperties) = preSolution
		HideSolutionNode = FALSE
	EndGlobalSection
EndGlobal
